
Microsoft Visual Studio Solution File, Format Version 12.00
# Visual Studio 2013
VisualStudioVersion = 12.0.30723.0
MinimumVisualStudioVersion = 10.0.40219.1
Project("{FAE04EC0-301F-11D3-BF4B-00C04F79EFBC}") = "MsgReader", "MsgReader\MsgReader.csproj", "{883D8C6E-2BEC-4C67-80B0-56E54A9FB214}"
EndProject
Project("{FAE04EC0-301F-11D3-BF4B-00C04F79EFBC}") = "MsgViewer", "MsgViewer\MsgViewer.csproj", "{0EAB7816-7958-41D7-8713-E410C5403A6C}"
EndProject
Project("{2150E333-8FDC-42A3-9474-1A3956D46DE8}") = ".nuget", ".nuget", "{AD9FAB9E-D932-4B8B-AF2E-19A32AB8160E}"
	ProjectSection(SolutionItems) = preProject
		.nuget\NuGet.Config = .nuget\NuGet.Config
		.nuget\NuGet.exe = .nuget\NuGet.exe
		.nuget\NuGet.targets = .nuget\NuGet.targets
	EndProjectSection
EndProject
Project("{FAE04EC0-301F-11D3-BF4B-00C04F79EFBC}") = "MsgMapper", "MsgMapper\MsgMapper.csproj", "{EF251C67-3321-4B93-B9D8-1D14745F0F40}"
EndProject
Project("{2150E333-8FDC-42A3-9474-1A3956D46DE8}") = "_license_", "_license_", "{FC31472D-4342-43A9-BAE5-6EDA86BE646B}"
	ProjectSection(SolutionItems) = preProject
		license.txt = license.txt
	EndProjectSection
EndProject
Project("{2150E333-8FDC-42A3-9474-1A3956D46DE8}") = "Utilities", "Utilities", "{6E4369FD-73A1-4E35-AD6A-AFD8F043E887}"
EndProject
Project("{FAE04EC0-301F-11D3-BF4B-00C04F79EFBC}") = "EmailExtractor", "Utilities\EmailExtractor\EmailExtractor.csproj", "{0354B2B7-DC88-4FC8-9592-D527360B82C1}"
EndProject
Global
	GlobalSection(SolutionConfigurationPlatforms) = preSolution
		Debug|Any CPU = Debug|Any CPU
		Debug|Mixed Platforms = Debug|Mixed Platforms
		Debug|x86 = Debug|x86
		Release|Any CPU = Release|Any CPU
		Release|Mixed Platforms = Release|Mixed Platforms
		Release|x86 = Release|x86
	EndGlobalSection
	GlobalSection(ProjectConfigurationPlatforms) = postSolution
		{883D8C6E-2BEC-4C67-80B0-56E54A9FB214}.Debug|Any CPU.ActiveCfg = Debug|Any CPU
		{883D8C6E-2BEC-4C67-80B0-56E54A9FB214}.Debug|Any CPU.Build.0 = Debug|Any CPU
		{883D8C6E-2BEC-4C67-80B0-56E54A9FB214}.Debug|Mixed Platforms.ActiveCfg = Debug|Any CPU
		{883D8C6E-2BEC-4C67-80B0-56E54A9FB214}.Debug|Mixed Platforms.Build.0 = Debug|Any CPU
		{883D8C6E-2BEC-4C67-80B0-56E54A9FB214}.Debug|x86.ActiveCfg = Debug|Any CPU
		{883D8C6E-2BEC-4C67-80B0-56E54A9FB214}.Release|Any CPU.ActiveCfg = Release|Any CPU
		{883D8C6E-2BEC-4C67-80B0-56E54A9FB214}.Release|Any CPU.Build.0 = Release|Any CPU
		{883D8C6E-2BEC-4C67-80B0-56E54A9FB214}.Release|Mixed Platforms.ActiveCfg = Release|Any CPU
		{883D8C6E-2BEC-4C67-80B0-56E54A9FB214}.Release|Mixed Platforms.Build.0 = Release|Any CPU
		{883D8C6E-2BEC-4C67-80B0-56E54A9FB214}.Release|x86.ActiveCfg = Release|Any CPU
		{0EAB7816-7958-41D7-8713-E410C5403A6C}.Debug|Any CPU.ActiveCfg = Debug|x86
		{0EAB7816-7958-41D7-8713-E410C5403A6C}.Debug|Any CPU.Build.0 = Debug|x86
		{0EAB7816-7958-41D7-8713-E410C5403A6C}.Debug|Mixed Platforms.ActiveCfg = Debug|x86
		{0EAB7816-7958-41D7-8713-E410C5403A6C}.Debug|Mixed Platforms.Build.0 = Debug|x86
		{0EAB7816-7958-41D7-8713-E410C5403A6C}.Debug|x86.ActiveCfg = Debug|x86
		{0EAB7816-7958-41D7-8713-E410C5403A6C}.Debug|x86.Build.0 = Debug|x86
		{0EAB7816-7958-41D7-8713-E410C5403A6C}.Release|Any CPU.ActiveCfg = Release|x86
		{0EAB7816-7958-41D7-8713-E410C5403A6C}.Release|Any CPU.Build.0 = Release|x86
		{0EAB7816-7958-41D7-8713-E410C5403A6C}.Release|Mixed Platforms.ActiveCfg = Release|x86
		{0EAB7816-7958-41D7-8713-E410C5403A6C}.Release|Mixed Platforms.Build.0 = Release|x86
		{0EAB7816-7958-41D7-8713-E410C5403A6C}.Release|x86.ActiveCfg = Release|x86
		{0EAB7816-7958-41D7-8713-E410C5403A6C}.Release|x86.Build.0 = Release|x86
		{EF251C67-3321-4B93-B9D8-1D14745F0F40}.Debug|Any CPU.ActiveCfg = Debug|Any CPU
		{EF251C67-3321-4B93-B9D8-1D14745F0F40}.Debug|Any CPU.Build.0 = Debug|Any CPU
		{EF251C67-3321-4B93-B9D8-1D14745F0F40}.Debug|Mixed Platforms.ActiveCfg = Debug|Any CPU
		{EF251C67-3321-4B93-B9D8-1D14745F0F40}.Debug|Mixed Platforms.Build.0 = Debug|Any CPU
		{EF251C67-3321-4B93-B9D8-1D14745F0F40}.Debug|x86.ActiveCfg = Debug|Any CPU
		{EF251C67-3321-4B93-B9D8-1D14745F0F40}.Release|Any CPU.ActiveCfg = Release|Any CPU
		{EF251C67-3321-4B93-B9D8-1D14745F0F40}.Release|Any CPU.Build.0 = Release|Any CPU
		{EF251C67-3321-4B93-B9D8-1D14745F0F40}.Release|Mixed Platforms.ActiveCfg = Release|Any CPU
		{EF251C67-3321-4B93-B9D8-1D14745F0F40}.Release|Mixed Platforms.Build.0 = Release|Any CPU
		{EF251C67-3321-4B93-B9D8-1D14745F0F40}.Release|x86.ActiveCfg = Release|Any CPU
		{0354B2B7-DC88-4FC8-9592-D527360B82C1}.Debug|Any CPU.ActiveCfg = Debug|Any CPU
		{0354B2B7-DC88-4FC8-9592-D527360B82C1}.Debug|Any CPU.Build.0 = Debug|Any CPU
		{0354B2B7-DC88-4FC8-9592-D527360B82C1}.Debug|Mixed Platforms.ActiveCfg = Debug|Any CPU
		{0354B2B7-DC88-4FC8-9592-D527360B82C1}.Debug|Mixed Platforms.Build.0 = Debug|Any CPU
		{0354B2B7-DC88-4FC8-9592-D527360B82C1}.Debug|x86.ActiveCfg = Debug|Any CPU
		{0354B2B7-DC88-4FC8-9592-D527360B82C1}.Release|Any CPU.ActiveCfg = Release|Any CPU
		{0354B2B7-DC88-4FC8-9592-D527360B82C1}.Release|Any CPU.Build.0 = Release|Any CPU
		{0354B2B7-DC88-4FC8-9592-D527360B82C1}.Release|Mixed Platforms.ActiveCfg = Release|Any CPU
		{0354B2B7-DC88-4FC8-9592-D527360B82C1}.Release|Mixed Platforms.Build.0 = Release|Any CPU
		{0354B2B7-DC88-4FC8-9592-D527360B82C1}.Release|x86.ActiveCfg = Release|Any CPU
	EndGlobalSection
	GlobalSection(SolutionProperties) = preSolution
		HideSolutionNode = FALSE
	EndGlobalSection
	GlobalSection(NestedProjects) = preSolution
		{0354B2B7-DC88-4FC8-9592-D527360B82C1} = {6E4369FD-73A1-4E35-AD6A-AFD8F043E887}
	EndGlobalSection
EndGlobal
