
Microsoft Visual Studio Solution File, Format Version 12.00
# Visual Studio 15
VisualStudioVersion = 15.0.27703.2035
MinimumVisualStudioVersion = 10.0.40219.1
Project("{FAE04EC0-301F-11D3-BF4B-00C04F79EFBC}") = "MsgViewer", "MsgViewer\MsgViewer.csproj", "{0EAB7816-7958-41D7-8713-E410C5403A6C}"
EndProject
Project("{2150E333-8FDC-42A3-9474-1A3956D46DE8}") = ".nuget", ".nuget", "{AD9FAB9E-D932-4B8B-AF2E-19A32AB8160E}"
	ProjectSection(SolutionItems) = preProject
		.nuget\NuGet.Config = .nuget\NuGet.Config
		.nuget\NuGet.exe = .nuget\NuGet.exe
		.nuget\NuGet.targets = .nuget\NuGet.targets
	EndProjectSection
EndProject
Project("{FAE04EC0-301F-11D3-BF4B-00C04F79EFBC}") = "MsgMapper", "MsgMapper\MsgMapper.csproj", "{EF251C67-3321-4B93-B9D8-1D14745F0F40}"
EndProject
Project("{2150E333-8FDC-42A3-9474-1A3956D46DE8}") = "_license_", "_license_", "{FC31472D-4342-43A9-BAE5-6EDA86BE646B}"
	ProjectSection(SolutionItems) = preProject
		license.txt = license.txt
	EndProjectSection
EndProject
Project("{2150E333-8FDC-42A3-9474-1A3956D46DE8}") = "Utilities", "Utilities", "{6E4369FD-73A1-4E35-AD6A-AFD8F043E887}"
EndProject
Project("{9A19103F-16F7-4668-BE54-9A1E7A4F7556}") = "EmailExtractor", "Utilities\EmailExtractor\EmailExtractor.csproj", "{0354B2B7-DC88-4FC8-9592-D527360B82C1}"
EndProject
Project("{9A19103F-16F7-4668-BE54-9A1E7A4F7556}") = "MsgReaderTests", "MsgReaderTests\MsgReaderTests.csproj", "{601408B8-D192-480F-9C8A-70F1BED7EFA9}"
EndProject
Project("{9A19103F-16F7-4668-BE54-9A1E7A4F7556}") = "MsgReader", "MsgReaderCore\MsgReader.csproj", "{7627E4F4-44FE-465D-B89D-A4BB669B12D7}"
EndProject
Project("{2150E333-8FDC-42A3-9474-1A3956D46DE8}") = "_documentation", "_documentation", "{45F9275A-88CB-4B7B-8212-3124ECB1C2E2}"
	ProjectSection(SolutionItems) = preProject
		_documentation_\Word2007RTFSpec9.docx = _documentation_\Word2007RTFSpec9.docx
	EndProjectSection
EndProject
Project("{2150E333-8FDC-42A3-9474-1A3956D46DE8}") = "Assemblies", "Assemblies", "{9DEF1436-D73F-49EE-AFA5-7F39AEA1E1E2}"
EndProject
Project("{2150E333-8FDC-42A3-9474-1A3956D46DE8}") = "net45", "net45", "{D95C06D2-4B89-40E5-A3E3-DF40046ED251}"
	ProjectSection(SolutionItems) = preProject
		Assemblies\net45\RtfPipe.dll = Assemblies\net45\RtfPipe.dll
	EndProjectSection
EndProject
Project("{2150E333-8FDC-42A3-9474-1A3956D46DE8}") = "netstandard20", "netstandard20", "{33F93960-F9A5-4B26-AB20-F5F157F49B3E}"
	ProjectSection(SolutionItems) = preProject
		Assemblies\netstandard20\RtfPipe.dll = Assemblies\netstandard20\RtfPipe.dll
	EndProjectSection
EndProject
Global
	GlobalSection(SolutionConfigurationPlatforms) = preSolution
		Debug|Any CPU = Debug|Any CPU
		Debug|Mixed Platforms = Debug|Mixed Platforms
		Debug|Win32 = Debug|Win32
		Debug|x64 = Debug|x64
		Debug|x86 = Debug|x86
		Debug-contrib|Any CPU = Debug-contrib|Any CPU
		Debug-contrib|Mixed Platforms = Debug-contrib|Mixed Platforms
		Debug-contrib|Win32 = Debug-contrib|Win32
		Debug-contrib|x64 = Debug-contrib|x64
		Debug-contrib|x86 = Debug-contrib|x86
		Debug-cups|Any CPU = Debug-cups|Any CPU
		Debug-cups|Mixed Platforms = Debug-cups|Mixed Platforms
		Debug-cups|Win32 = Debug-cups|Win32
		Debug-cups|x64 = Debug-cups|x64
		Debug-cups|x86 = Debug-cups|x86
		Memento|Any CPU = Memento|Any CPU
		Memento|Mixed Platforms = Memento|Mixed Platforms
		Memento|Win32 = Memento|Win32
		Memento|x64 = Memento|x64
		Memento|x86 = Memento|x86
		Profile|Any CPU = Profile|Any CPU
		Profile|Mixed Platforms = Profile|Mixed Platforms
		Profile|Win32 = Profile|Win32
		Profile|x64 = Profile|x64
		Profile|x86 = Profile|x86
		Release|Any CPU = Release|Any CPU
		Release|Mixed Platforms = Release|Mixed Platforms
		Release|Win32 = Release|Win32
		Release|x64 = Release|x64
		Release|x86 = Release|x86
		Release-contrib|Any CPU = Release-contrib|Any CPU
		Release-contrib|Mixed Platforms = Release-contrib|Mixed Platforms
		Release-contrib|Win32 = Release-contrib|Win32
		Release-contrib|x64 = Release-contrib|x64
		Release-contrib|x86 = Release-contrib|x86
	EndGlobalSection
	GlobalSection(ProjectConfigurationPlatforms) = postSolution
		{0EAB7816-7958-41D7-8713-E410C5403A6C}.Debug|Any CPU.ActiveCfg = Debug|x86
		{0EAB7816-7958-41D7-8713-E410C5403A6C}.Debug|Any CPU.Build.0 = Debug|x86
		{0EAB7816-7958-41D7-8713-E410C5403A6C}.Debug|Mixed Platforms.ActiveCfg = Debug|x86
		{0EAB7816-7958-41D7-8713-E410C5403A6C}.Debug|Mixed Platforms.Build.0 = Debug|x86
		{0EAB7816-7958-41D7-8713-E410C5403A6C}.Debug|Win32.ActiveCfg = Debug|x86
		{0EAB7816-7958-41D7-8713-E410C5403A6C}.Debug|x64.ActiveCfg = Debug|x86
		{0EAB7816-7958-41D7-8713-E410C5403A6C}.Debug|x86.ActiveCfg = Debug|x86
		{0EAB7816-7958-41D7-8713-E410C5403A6C}.Debug|x86.Build.0 = Debug|x86
		{0EAB7816-7958-41D7-8713-E410C5403A6C}.Debug-contrib|Any CPU.ActiveCfg = Release|Any CPU
		{0EAB7816-7958-41D7-8713-E410C5403A6C}.Debug-contrib|Mixed Platforms.ActiveCfg = Debug|x86
		{0EAB7816-7958-41D7-8713-E410C5403A6C}.Debug-contrib|Win32.ActiveCfg = Debug|x86
		{0EAB7816-7958-41D7-8713-E410C5403A6C}.Debug-contrib|x64.ActiveCfg = Debug|x86
		{0EAB7816-7958-41D7-8713-E410C5403A6C}.Debug-contrib|x86.ActiveCfg = Debug|x86
		{0EAB7816-7958-41D7-8713-E410C5403A6C}.Debug-cups|Any CPU.ActiveCfg = Release|Any CPU
		{0EAB7816-7958-41D7-8713-E410C5403A6C}.Debug-cups|Mixed Platforms.ActiveCfg = Debug|x86
		{0EAB7816-7958-41D7-8713-E410C5403A6C}.Debug-cups|Win32.ActiveCfg = Debug|x86
		{0EAB7816-7958-41D7-8713-E410C5403A6C}.Debug-cups|x64.ActiveCfg = Debug|x86
		{0EAB7816-7958-41D7-8713-E410C5403A6C}.Debug-cups|x86.ActiveCfg = Debug|x86
		{0EAB7816-7958-41D7-8713-E410C5403A6C}.Memento|Any CPU.ActiveCfg = Release|Any CPU
		{0EAB7816-7958-41D7-8713-E410C5403A6C}.Memento|Mixed Platforms.ActiveCfg = Release|x86
		{0EAB7816-7958-41D7-8713-E410C5403A6C}.Memento|Win32.ActiveCfg = Release|x86
		{0EAB7816-7958-41D7-8713-E410C5403A6C}.Memento|x64.ActiveCfg = Release|Any CPU
		{0EAB7816-7958-41D7-8713-E410C5403A6C}.Memento|x86.ActiveCfg = Release|x86
		{0EAB7816-7958-41D7-8713-E410C5403A6C}.Profile|Any CPU.ActiveCfg = Release|Any CPU
		{0EAB7816-7958-41D7-8713-E410C5403A6C}.Profile|Mixed Platforms.ActiveCfg = Release|x86
		{0EAB7816-7958-41D7-8713-E410C5403A6C}.Profile|Win32.ActiveCfg = Release|x86
		{0EAB7816-7958-41D7-8713-E410C5403A6C}.Profile|x64.ActiveCfg = Release|Any CPU
		{0EAB7816-7958-41D7-8713-E410C5403A6C}.Profile|x86.ActiveCfg = Release|x86
		{0EAB7816-7958-41D7-8713-E410C5403A6C}.Release|Any CPU.ActiveCfg = Release|Any CPU
		{0EAB7816-7958-41D7-8713-E410C5403A6C}.Release|Any CPU.Build.0 = Release|Any CPU
		{0EAB7816-7958-41D7-8713-E410C5403A6C}.Release|Mixed Platforms.ActiveCfg = Release|x86
		{0EAB7816-7958-41D7-8713-E410C5403A6C}.Release|Mixed Platforms.Build.0 = Release|x86
		{0EAB7816-7958-41D7-8713-E410C5403A6C}.Release|Win32.ActiveCfg = Release|x86
		{0EAB7816-7958-41D7-8713-E410C5403A6C}.Release|x64.ActiveCfg = Release|Any CPU
		{0EAB7816-7958-41D7-8713-E410C5403A6C}.Release|x86.ActiveCfg = Release|x86
		{0EAB7816-7958-41D7-8713-E410C5403A6C}.Release|x86.Build.0 = Release|x86
		{0EAB7816-7958-41D7-8713-E410C5403A6C}.Release-contrib|Any CPU.ActiveCfg = Release|Any CPU
		{0EAB7816-7958-41D7-8713-E410C5403A6C}.Release-contrib|Mixed Platforms.ActiveCfg = Release|x86
		{0EAB7816-7958-41D7-8713-E410C5403A6C}.Release-contrib|Win32.ActiveCfg = Release|x86
		{0EAB7816-7958-41D7-8713-E410C5403A6C}.Release-contrib|x64.ActiveCfg = Release|Any CPU
		{0EAB7816-7958-41D7-8713-E410C5403A6C}.Release-contrib|x86.ActiveCfg = Release|x86
		{EF251C67-3321-4B93-B9D8-1D14745F0F40}.Debug|Any CPU.ActiveCfg = Debug|Any CPU
		{EF251C67-3321-4B93-B9D8-1D14745F0F40}.Debug|Any CPU.Build.0 = Debug|Any CPU
		{EF251C67-3321-4B93-B9D8-1D14745F0F40}.Debug|Mixed Platforms.ActiveCfg = Debug|Any CPU
		{EF251C67-3321-4B93-B9D8-1D14745F0F40}.Debug|Mixed Platforms.Build.0 = Debug|Any CPU
		{EF251C67-3321-4B93-B9D8-1D14745F0F40}.Debug|Win32.ActiveCfg = Debug|Any CPU
		{EF251C67-3321-4B93-B9D8-1D14745F0F40}.Debug|x64.ActiveCfg = Debug|Any CPU
		{EF251C67-3321-4B93-B9D8-1D14745F0F40}.Debug|x86.ActiveCfg = Debug|Any CPU
		{EF251C67-3321-4B93-B9D8-1D14745F0F40}.Debug-contrib|Any CPU.ActiveCfg = Debug|Any CPU
		{EF251C67-3321-4B93-B9D8-1D14745F0F40}.Debug-contrib|Mixed Platforms.ActiveCfg = Debug|Any CPU
		{EF251C67-3321-4B93-B9D8-1D14745F0F40}.Debug-contrib|Win32.ActiveCfg = Debug|Any CPU
		{EF251C67-3321-4B93-B9D8-1D14745F0F40}.Debug-contrib|x64.ActiveCfg = Debug|Any CPU
		{EF251C67-3321-4B93-B9D8-1D14745F0F40}.Debug-contrib|x86.ActiveCfg = Debug|Any CPU
		{EF251C67-3321-4B93-B9D8-1D14745F0F40}.Debug-cups|Any CPU.ActiveCfg = Debug|Any CPU
		{EF251C67-3321-4B93-B9D8-1D14745F0F40}.Debug-cups|Mixed Platforms.ActiveCfg = Debug|Any CPU
		{EF251C67-3321-4B93-B9D8-1D14745F0F40}.Debug-cups|Win32.ActiveCfg = Debug|Any CPU
		{EF251C67-3321-4B93-B9D8-1D14745F0F40}.Debug-cups|x64.ActiveCfg = Debug|Any CPU
		{EF251C67-3321-4B93-B9D8-1D14745F0F40}.Debug-cups|x86.ActiveCfg = Debug|Any CPU
		{EF251C67-3321-4B93-B9D8-1D14745F0F40}.Memento|Any CPU.ActiveCfg = Release|Any CPU
		{EF251C67-3321-4B93-B9D8-1D14745F0F40}.Memento|Mixed Platforms.ActiveCfg = Release|Any CPU
		{EF251C67-3321-4B93-B9D8-1D14745F0F40}.Memento|Win32.ActiveCfg = Release|Any CPU
		{EF251C67-3321-4B93-B9D8-1D14745F0F40}.Memento|x64.ActiveCfg = Release|Any CPU
		{EF251C67-3321-4B93-B9D8-1D14745F0F40}.Memento|x86.ActiveCfg = Release|Any CPU
		{EF251C67-3321-4B93-B9D8-1D14745F0F40}.Profile|Any CPU.ActiveCfg = Release|Any CPU
		{EF251C67-3321-4B93-B9D8-1D14745F0F40}.Profile|Mixed Platforms.ActiveCfg = Release|Any CPU
		{EF251C67-3321-4B93-B9D8-1D14745F0F40}.Profile|Win32.ActiveCfg = Release|Any CPU
		{EF251C67-3321-4B93-B9D8-1D14745F0F40}.Profile|x64.ActiveCfg = Release|Any CPU
		{EF251C67-3321-4B93-B9D8-1D14745F0F40}.Profile|x86.ActiveCfg = Release|Any CPU
		{EF251C67-3321-4B93-B9D8-1D14745F0F40}.Release|Any CPU.ActiveCfg = Release|Any CPU
		{EF251C67-3321-4B93-B9D8-1D14745F0F40}.Release|Any CPU.Build.0 = Release|Any CPU
		{EF251C67-3321-4B93-B9D8-1D14745F0F40}.Release|Mixed Platforms.ActiveCfg = Release|Any CPU
		{EF251C67-3321-4B93-B9D8-1D14745F0F40}.Release|Mixed Platforms.Build.0 = Release|Any CPU
		{EF251C67-3321-4B93-B9D8-1D14745F0F40}.Release|Win32.ActiveCfg = Release|Any CPU
		{EF251C67-3321-4B93-B9D8-1D14745F0F40}.Release|x64.ActiveCfg = Release|Any CPU
		{EF251C67-3321-4B93-B9D8-1D14745F0F40}.Release|x86.ActiveCfg = Release|Any CPU
		{EF251C67-3321-4B93-B9D8-1D14745F0F40}.Release-contrib|Any CPU.ActiveCfg = Release|Any CPU
		{EF251C67-3321-4B93-B9D8-1D14745F0F40}.Release-contrib|Mixed Platforms.ActiveCfg = Release|Any CPU
		{EF251C67-3321-4B93-B9D8-1D14745F0F40}.Release-contrib|Win32.ActiveCfg = Release|Any CPU
		{EF251C67-3321-4B93-B9D8-1D14745F0F40}.Release-contrib|x64.ActiveCfg = Release|Any CPU
		{EF251C67-3321-4B93-B9D8-1D14745F0F40}.Release-contrib|x86.ActiveCfg = Release|Any CPU
		{0354B2B7-DC88-4FC8-9592-D527360B82C1}.Debug|Any CPU.ActiveCfg = Debug|Any CPU
		{0354B2B7-DC88-4FC8-9592-D527360B82C1}.Debug|Any CPU.Build.0 = Debug|Any CPU
		{0354B2B7-DC88-4FC8-9592-D527360B82C1}.Debug|Mixed Platforms.ActiveCfg = Debug|Any CPU
		{0354B2B7-DC88-4FC8-9592-D527360B82C1}.Debug|Mixed Platforms.Build.0 = Debug|Any CPU
		{0354B2B7-DC88-4FC8-9592-D527360B82C1}.Debug|Win32.ActiveCfg = Debug|Any CPU
		{0354B2B7-DC88-4FC8-9592-D527360B82C1}.Debug|x64.ActiveCfg = Debug|Any CPU
		{0354B2B7-DC88-4FC8-9592-D527360B82C1}.Debug|x86.ActiveCfg = Debug|Any CPU
		{0354B2B7-DC88-4FC8-9592-D527360B82C1}.Debug-contrib|Any CPU.ActiveCfg = Debug|Any CPU
		{0354B2B7-DC88-4FC8-9592-D527360B82C1}.Debug-contrib|Mixed Platforms.ActiveCfg = Debug|Any CPU
		{0354B2B7-DC88-4FC8-9592-D527360B82C1}.Debug-contrib|Win32.ActiveCfg = Debug|Any CPU
		{0354B2B7-DC88-4FC8-9592-D527360B82C1}.Debug-contrib|x64.ActiveCfg = Debug|Any CPU
		{0354B2B7-DC88-4FC8-9592-D527360B82C1}.Debug-contrib|x86.ActiveCfg = Debug|Any CPU
		{0354B2B7-DC88-4FC8-9592-D527360B82C1}.Debug-cups|Any CPU.ActiveCfg = Debug|Any CPU
		{0354B2B7-DC88-4FC8-9592-D527360B82C1}.Debug-cups|Mixed Platforms.ActiveCfg = Debug|Any CPU
		{0354B2B7-DC88-4FC8-9592-D527360B82C1}.Debug-cups|Win32.ActiveCfg = Debug|Any CPU
		{0354B2B7-DC88-4FC8-9592-D527360B82C1}.Debug-cups|x64.ActiveCfg = Debug|Any CPU
		{0354B2B7-DC88-4FC8-9592-D527360B82C1}.Debug-cups|x86.ActiveCfg = Debug|Any CPU
		{0354B2B7-DC88-4FC8-9592-D527360B82C1}.Memento|Any CPU.ActiveCfg = Release|Any CPU
		{0354B2B7-DC88-4FC8-9592-D527360B82C1}.Memento|Mixed Platforms.ActiveCfg = Release|Any CPU
		{0354B2B7-DC88-4FC8-9592-D527360B82C1}.Memento|Win32.ActiveCfg = Release|Any CPU
		{0354B2B7-DC88-4FC8-9592-D527360B82C1}.Memento|x64.ActiveCfg = Release|Any CPU
		{0354B2B7-DC88-4FC8-9592-D527360B82C1}.Memento|x86.ActiveCfg = Release|Any CPU
		{0354B2B7-DC88-4FC8-9592-D527360B82C1}.Profile|Any CPU.ActiveCfg = Release|Any CPU
		{0354B2B7-DC88-4FC8-9592-D527360B82C1}.Profile|Mixed Platforms.ActiveCfg = Release|Any CPU
		{0354B2B7-DC88-4FC8-9592-D527360B82C1}.Profile|Win32.ActiveCfg = Release|Any CPU
		{0354B2B7-DC88-4FC8-9592-D527360B82C1}.Profile|x64.ActiveCfg = Release|Any CPU
		{0354B2B7-DC88-4FC8-9592-D527360B82C1}.Profile|x86.ActiveCfg = Release|Any CPU
		{0354B2B7-DC88-4FC8-9592-D527360B82C1}.Release|Any CPU.ActiveCfg = Release|Any CPU
		{0354B2B7-DC88-4FC8-9592-D527360B82C1}.Release|Any CPU.Build.0 = Release|Any CPU
		{0354B2B7-DC88-4FC8-9592-D527360B82C1}.Release|Mixed Platforms.ActiveCfg = Release|Any CPU
		{0354B2B7-DC88-4FC8-9592-D527360B82C1}.Release|Mixed Platforms.Build.0 = Release|Any CPU
		{0354B2B7-DC88-4FC8-9592-D527360B82C1}.Release|Win32.ActiveCfg = Release|Any CPU
		{0354B2B7-DC88-4FC8-9592-D527360B82C1}.Release|x64.ActiveCfg = Release|Any CPU
		{0354B2B7-DC88-4FC8-9592-D527360B82C1}.Release|x86.ActiveCfg = Release|Any CPU
		{0354B2B7-DC88-4FC8-9592-D527360B82C1}.Release-contrib|Any CPU.ActiveCfg = Release|Any CPU
		{0354B2B7-DC88-4FC8-9592-D527360B82C1}.Release-contrib|Mixed Platforms.ActiveCfg = Release|Any CPU
		{0354B2B7-DC88-4FC8-9592-D527360B82C1}.Release-contrib|Win32.ActiveCfg = Release|Any CPU
		{0354B2B7-DC88-4FC8-9592-D527360B82C1}.Release-contrib|x64.ActiveCfg = Release|Any CPU
		{0354B2B7-DC88-4FC8-9592-D527360B82C1}.Release-contrib|x86.ActiveCfg = Release|Any CPU
		{601408B8-D192-480F-9C8A-70F1BED7EFA9}.Debug|Any CPU.ActiveCfg = Debug|Any CPU
		{601408B8-D192-480F-9C8A-70F1BED7EFA9}.Debug|Any CPU.Build.0 = Debug|Any CPU
		{601408B8-D192-480F-9C8A-70F1BED7EFA9}.Debug|Mixed Platforms.ActiveCfg = Debug|Any CPU
		{601408B8-D192-480F-9C8A-70F1BED7EFA9}.Debug|Mixed Platforms.Build.0 = Debug|Any CPU
		{601408B8-D192-480F-9C8A-70F1BED7EFA9}.Debug|Win32.ActiveCfg = Debug|Any CPU
		{601408B8-D192-480F-9C8A-70F1BED7EFA9}.Debug|Win32.Build.0 = Debug|Any CPU
		{601408B8-D192-480F-9C8A-70F1BED7EFA9}.Debug|x64.ActiveCfg = Debug|Any CPU
		{601408B8-D192-480F-9C8A-70F1BED7EFA9}.Debug|x64.Build.0 = Debug|Any CPU
		{601408B8-D192-480F-9C8A-70F1BED7EFA9}.Debug|x86.ActiveCfg = Debug|Any CPU
		{601408B8-D192-480F-9C8A-70F1BED7EFA9}.Debug|x86.Build.0 = Debug|Any CPU
		{601408B8-D192-480F-9C8A-70F1BED7EFA9}.Debug-contrib|Any CPU.ActiveCfg = Debug|Any CPU
		{601408B8-D192-480F-9C8A-70F1BED7EFA9}.Debug-contrib|Any CPU.Build.0 = Debug|Any CPU
		{601408B8-D192-480F-9C8A-70F1BED7EFA9}.Debug-contrib|Mixed Platforms.ActiveCfg = Debug|Any CPU
		{601408B8-D192-480F-9C8A-70F1BED7EFA9}.Debug-contrib|Mixed Platforms.Build.0 = Debug|Any CPU
		{601408B8-D192-480F-9C8A-70F1BED7EFA9}.Debug-contrib|Win32.ActiveCfg = Debug|Any CPU
		{601408B8-D192-480F-9C8A-70F1BED7EFA9}.Debug-contrib|Win32.Build.0 = Debug|Any CPU
		{601408B8-D192-480F-9C8A-70F1BED7EFA9}.Debug-contrib|x64.ActiveCfg = Debug|Any CPU
		{601408B8-D192-480F-9C8A-70F1BED7EFA9}.Debug-contrib|x64.Build.0 = Debug|Any CPU
		{601408B8-D192-480F-9C8A-70F1BED7EFA9}.Debug-contrib|x86.ActiveCfg = Debug|Any CPU
		{601408B8-D192-480F-9C8A-70F1BED7EFA9}.Debug-contrib|x86.Build.0 = Debug|Any CPU
		{601408B8-D192-480F-9C8A-70F1BED7EFA9}.Debug-cups|Any CPU.ActiveCfg = Debug|Any CPU
		{601408B8-D192-480F-9C8A-70F1BED7EFA9}.Debug-cups|Any CPU.Build.0 = Debug|Any CPU
		{601408B8-D192-480F-9C8A-70F1BED7EFA9}.Debug-cups|Mixed Platforms.ActiveCfg = Debug|Any CPU
		{601408B8-D192-480F-9C8A-70F1BED7EFA9}.Debug-cups|Mixed Platforms.Build.0 = Debug|Any CPU
		{601408B8-D192-480F-9C8A-70F1BED7EFA9}.Debug-cups|Win32.ActiveCfg = Debug|Any CPU
		{601408B8-D192-480F-9C8A-70F1BED7EFA9}.Debug-cups|Win32.Build.0 = Debug|Any CPU
		{601408B8-D192-480F-9C8A-70F1BED7EFA9}.Debug-cups|x64.ActiveCfg = Debug|Any CPU
		{601408B8-D192-480F-9C8A-70F1BED7EFA9}.Debug-cups|x64.Build.0 = Debug|Any CPU
		{601408B8-D192-480F-9C8A-70F1BED7EFA9}.Debug-cups|x86.ActiveCfg = Debug|Any CPU
		{601408B8-D192-480F-9C8A-70F1BED7EFA9}.Debug-cups|x86.Build.0 = Debug|Any CPU
		{601408B8-D192-480F-9C8A-70F1BED7EFA9}.Memento|Any CPU.ActiveCfg = Release|Any CPU
		{601408B8-D192-480F-9C8A-70F1BED7EFA9}.Memento|Any CPU.Build.0 = Release|Any CPU
		{601408B8-D192-480F-9C8A-70F1BED7EFA9}.Memento|Mixed Platforms.ActiveCfg = Release|Any CPU
		{601408B8-D192-480F-9C8A-70F1BED7EFA9}.Memento|Mixed Platforms.Build.0 = Release|Any CPU
		{601408B8-D192-480F-9C8A-70F1BED7EFA9}.Memento|Win32.ActiveCfg = Release|Any CPU
		{601408B8-D192-480F-9C8A-70F1BED7EFA9}.Memento|Win32.Build.0 = Release|Any CPU
		{601408B8-D192-480F-9C8A-70F1BED7EFA9}.Memento|x64.ActiveCfg = Release|Any CPU
		{601408B8-D192-480F-9C8A-70F1BED7EFA9}.Memento|x64.Build.0 = Release|Any CPU
		{601408B8-D192-480F-9C8A-70F1BED7EFA9}.Memento|x86.ActiveCfg = Release|Any CPU
		{601408B8-D192-480F-9C8A-70F1BED7EFA9}.Memento|x86.Build.0 = Release|Any CPU
		{601408B8-D192-480F-9C8A-70F1BED7EFA9}.Profile|Any CPU.ActiveCfg = Release|Any CPU
		{601408B8-D192-480F-9C8A-70F1BED7EFA9}.Profile|Any CPU.Build.0 = Release|Any CPU
		{601408B8-D192-480F-9C8A-70F1BED7EFA9}.Profile|Mixed Platforms.ActiveCfg = Release|Any CPU
		{601408B8-D192-480F-9C8A-70F1BED7EFA9}.Profile|Mixed Platforms.Build.0 = Release|Any CPU
		{601408B8-D192-480F-9C8A-70F1BED7EFA9}.Profile|Win32.ActiveCfg = Release|Any CPU
		{601408B8-D192-480F-9C8A-70F1BED7EFA9}.Profile|Win32.Build.0 = Release|Any CPU
		{601408B8-D192-480F-9C8A-70F1BED7EFA9}.Profile|x64.ActiveCfg = Release|Any CPU
		{601408B8-D192-480F-9C8A-70F1BED7EFA9}.Profile|x64.Build.0 = Release|Any CPU
		{601408B8-D192-480F-9C8A-70F1BED7EFA9}.Profile|x86.ActiveCfg = Release|Any CPU
		{601408B8-D192-480F-9C8A-70F1BED7EFA9}.Profile|x86.Build.0 = Release|Any CPU
		{601408B8-D192-480F-9C8A-70F1BED7EFA9}.Release|Any CPU.ActiveCfg = Release|Any CPU
		{601408B8-D192-480F-9C8A-70F1BED7EFA9}.Release|Any CPU.Build.0 = Release|Any CPU
		{601408B8-D192-480F-9C8A-70F1BED7EFA9}.Release|Mixed Platforms.ActiveCfg = Release|Any CPU
		{601408B8-D192-480F-9C8A-70F1BED7EFA9}.Release|Mixed Platforms.Build.0 = Release|Any CPU
		{601408B8-D192-480F-9C8A-70F1BED7EFA9}.Release|Win32.ActiveCfg = Release|Any CPU
		{601408B8-D192-480F-9C8A-70F1BED7EFA9}.Release|Win32.Build.0 = Release|Any CPU
		{601408B8-D192-480F-9C8A-70F1BED7EFA9}.Release|x64.ActiveCfg = Release|Any CPU
		{601408B8-D192-480F-9C8A-70F1BED7EFA9}.Release|x64.Build.0 = Release|Any CPU
		{601408B8-D192-480F-9C8A-70F1BED7EFA9}.Release|x86.ActiveCfg = Release|Any CPU
		{601408B8-D192-480F-9C8A-70F1BED7EFA9}.Release|x86.Build.0 = Release|Any CPU
		{601408B8-D192-480F-9C8A-70F1BED7EFA9}.Release-contrib|Any CPU.ActiveCfg = Release|Any CPU
		{601408B8-D192-480F-9C8A-70F1BED7EFA9}.Release-contrib|Any CPU.Build.0 = Release|Any CPU
		{601408B8-D192-480F-9C8A-70F1BED7EFA9}.Release-contrib|Mixed Platforms.ActiveCfg = Release|Any CPU
		{601408B8-D192-480F-9C8A-70F1BED7EFA9}.Release-contrib|Mixed Platforms.Build.0 = Release|Any CPU
		{601408B8-D192-480F-9C8A-70F1BED7EFA9}.Release-contrib|Win32.ActiveCfg = Release|Any CPU
		{601408B8-D192-480F-9C8A-70F1BED7EFA9}.Release-contrib|Win32.Build.0 = Release|Any CPU
		{601408B8-D192-480F-9C8A-70F1BED7EFA9}.Release-contrib|x64.ActiveCfg = Release|Any CPU
		{601408B8-D192-480F-9C8A-70F1BED7EFA9}.Release-contrib|x64.Build.0 = Release|Any CPU
		{601408B8-D192-480F-9C8A-70F1BED7EFA9}.Release-contrib|x86.ActiveCfg = Release|Any CPU
		{601408B8-D192-480F-9C8A-70F1BED7EFA9}.Release-contrib|x86.Build.0 = Release|Any CPU
		{7627E4F4-44FE-465D-B89D-A4BB669B12D7}.Debug|Any CPU.ActiveCfg = Debug|Any CPU
		{7627E4F4-44FE-465D-B89D-A4BB669B12D7}.Debug|Any CPU.Build.0 = Debug|Any CPU
		{7627E4F4-44FE-465D-B89D-A4BB669B12D7}.Debug|Mixed Platforms.ActiveCfg = Debug|Any CPU
		{7627E4F4-44FE-465D-B89D-A4BB669B12D7}.Debug|Mixed Platforms.Build.0 = Debug|Any CPU
		{7627E4F4-44FE-465D-B89D-A4BB669B12D7}.Debug|Win32.ActiveCfg = Debug|Any CPU
		{7627E4F4-44FE-465D-B89D-A4BB669B12D7}.Debug|Win32.Build.0 = Debug|Any CPU
		{7627E4F4-44FE-465D-B89D-A4BB669B12D7}.Debug|x64.ActiveCfg = Debug|Any CPU
		{7627E4F4-44FE-465D-B89D-A4BB669B12D7}.Debug|x64.Build.0 = Debug|Any CPU
		{7627E4F4-44FE-465D-B89D-A4BB669B12D7}.Debug|x86.ActiveCfg = Debug|Any CPU
		{7627E4F4-44FE-465D-B89D-A4BB669B12D7}.Debug|x86.Build.0 = Debug|Any CPU
		{7627E4F4-44FE-465D-B89D-A4BB669B12D7}.Debug-contrib|Any CPU.ActiveCfg = Debug|Any CPU
		{7627E4F4-44FE-465D-B89D-A4BB669B12D7}.Debug-contrib|Any CPU.Build.0 = Debug|Any CPU
		{7627E4F4-44FE-465D-B89D-A4BB669B12D7}.Debug-contrib|Mixed Platforms.ActiveCfg = Debug|Any CPU
		{7627E4F4-44FE-465D-B89D-A4BB669B12D7}.Debug-contrib|Mixed Platforms.Build.0 = Debug|Any CPU
		{7627E4F4-44FE-465D-B89D-A4BB669B12D7}.Debug-contrib|Win32.ActiveCfg = Debug|Any CPU
		{7627E4F4-44FE-465D-B89D-A4BB669B12D7}.Debug-contrib|Win32.Build.0 = Debug|Any CPU
		{7627E4F4-44FE-465D-B89D-A4BB669B12D7}.Debug-contrib|x64.ActiveCfg = Debug|Any CPU
		{7627E4F4-44FE-465D-B89D-A4BB669B12D7}.Debug-contrib|x64.Build.0 = Debug|Any CPU
		{7627E4F4-44FE-465D-B89D-A4BB669B12D7}.Debug-contrib|x86.ActiveCfg = Debug|Any CPU
		{7627E4F4-44FE-465D-B89D-A4BB669B12D7}.Debug-contrib|x86.Build.0 = Debug|Any CPU
		{7627E4F4-44FE-465D-B89D-A4BB669B12D7}.Debug-cups|Any CPU.ActiveCfg = Debug|Any CPU
		{7627E4F4-44FE-465D-B89D-A4BB669B12D7}.Debug-cups|Any CPU.Build.0 = Debug|Any CPU
		{7627E4F4-44FE-465D-B89D-A4BB669B12D7}.Debug-cups|Mixed Platforms.ActiveCfg = Debug|Any CPU
		{7627E4F4-44FE-465D-B89D-A4BB669B12D7}.Debug-cups|Mixed Platforms.Build.0 = Debug|Any CPU
		{7627E4F4-44FE-465D-B89D-A4BB669B12D7}.Debug-cups|Win32.ActiveCfg = Debug|Any CPU
		{7627E4F4-44FE-465D-B89D-A4BB669B12D7}.Debug-cups|Win32.Build.0 = Debug|Any CPU
		{7627E4F4-44FE-465D-B89D-A4BB669B12D7}.Debug-cups|x64.ActiveCfg = Debug|Any CPU
		{7627E4F4-44FE-465D-B89D-A4BB669B12D7}.Debug-cups|x64.Build.0 = Debug|Any CPU
		{7627E4F4-44FE-465D-B89D-A4BB669B12D7}.Debug-cups|x86.ActiveCfg = Debug|Any CPU
		{7627E4F4-44FE-465D-B89D-A4BB669B12D7}.Debug-cups|x86.Build.0 = Debug|Any CPU
		{7627E4F4-44FE-465D-B89D-A4BB669B12D7}.Memento|Any CPU.ActiveCfg = Debug|Any CPU
		{7627E4F4-44FE-465D-B89D-A4BB669B12D7}.Memento|Any CPU.Build.0 = Debug|Any CPU
		{7627E4F4-44FE-465D-B89D-A4BB669B12D7}.Memento|Mixed Platforms.ActiveCfg = Debug|Any CPU
		{7627E4F4-44FE-465D-B89D-A4BB669B12D7}.Memento|Mixed Platforms.Build.0 = Debug|Any CPU
		{7627E4F4-44FE-465D-B89D-A4BB669B12D7}.Memento|Win32.ActiveCfg = Debug|Any CPU
		{7627E4F4-44FE-465D-B89D-A4BB669B12D7}.Memento|Win32.Build.0 = Debug|Any CPU
		{7627E4F4-44FE-465D-B89D-A4BB669B12D7}.Memento|x64.ActiveCfg = Debug|Any CPU
		{7627E4F4-44FE-465D-B89D-A4BB669B12D7}.Memento|x64.Build.0 = Debug|Any CPU
		{7627E4F4-44FE-465D-B89D-A4BB669B12D7}.Memento|x86.ActiveCfg = Debug|Any CPU
		{7627E4F4-44FE-465D-B89D-A4BB669B12D7}.Memento|x86.Build.0 = Debug|Any CPU
		{7627E4F4-44FE-465D-B89D-A4BB669B12D7}.Profile|Any CPU.ActiveCfg = Debug|Any CPU
		{7627E4F4-44FE-465D-B89D-A4BB669B12D7}.Profile|Any CPU.Build.0 = Debug|Any CPU
		{7627E4F4-44FE-465D-B89D-A4BB669B12D7}.Profile|Mixed Platforms.ActiveCfg = Debug|Any CPU
		{7627E4F4-44FE-465D-B89D-A4BB669B12D7}.Profile|Mixed Platforms.Build.0 = Debug|Any CPU
		{7627E4F4-44FE-465D-B89D-A4BB669B12D7}.Profile|Win32.ActiveCfg = Debug|Any CPU
		{7627E4F4-44FE-465D-B89D-A4BB669B12D7}.Profile|Win32.Build.0 = Debug|Any CPU
		{7627E4F4-44FE-465D-B89D-A4BB669B12D7}.Profile|x64.ActiveCfg = Debug|Any CPU
		{7627E4F4-44FE-465D-B89D-A4BB669B12D7}.Profile|x64.Build.0 = Debug|Any CPU
		{7627E4F4-44FE-465D-B89D-A4BB669B12D7}.Profile|x86.ActiveCfg = Debug|Any CPU
		{7627E4F4-44FE-465D-B89D-A4BB669B12D7}.Profile|x86.Build.0 = Debug|Any CPU
		{7627E4F4-44FE-465D-B89D-A4BB669B12D7}.Release|Any CPU.ActiveCfg = Release|Any CPU
		{7627E4F4-44FE-465D-B89D-A4BB669B12D7}.Release|Any CPU.Build.0 = Release|Any CPU
		{7627E4F4-44FE-465D-B89D-A4BB669B12D7}.Release|Mixed Platforms.ActiveCfg = Release|Any CPU
		{7627E4F4-44FE-465D-B89D-A4BB669B12D7}.Release|Mixed Platforms.Build.0 = Release|Any CPU
		{7627E4F4-44FE-465D-B89D-A4BB669B12D7}.Release|Win32.ActiveCfg = Release|Any CPU
		{7627E4F4-44FE-465D-B89D-A4BB669B12D7}.Release|Win32.Build.0 = Release|Any CPU
		{7627E4F4-44FE-465D-B89D-A4BB669B12D7}.Release|x64.ActiveCfg = Release|Any CPU
		{7627E4F4-44FE-465D-B89D-A4BB669B12D7}.Release|x64.Build.0 = Release|Any CPU
		{7627E4F4-44FE-465D-B89D-A4BB669B12D7}.Release|x86.ActiveCfg = Release|Any CPU
		{7627E4F4-44FE-465D-B89D-A4BB669B12D7}.Release|x86.Build.0 = Release|Any CPU
		{7627E4F4-44FE-465D-B89D-A4BB669B12D7}.Release-contrib|Any CPU.ActiveCfg = Release|Any CPU
		{7627E4F4-44FE-465D-B89D-A4BB669B12D7}.Release-contrib|Any CPU.Build.0 = Release|Any CPU
		{7627E4F4-44FE-465D-B89D-A4BB669B12D7}.Release-contrib|Mixed Platforms.ActiveCfg = Release|Any CPU
		{7627E4F4-44FE-465D-B89D-A4BB669B12D7}.Release-contrib|Mixed Platforms.Build.0 = Release|Any CPU
		{7627E4F4-44FE-465D-B89D-A4BB669B12D7}.Release-contrib|Win32.ActiveCfg = Release|Any CPU
		{7627E4F4-44FE-465D-B89D-A4BB669B12D7}.Release-contrib|Win32.Build.0 = Release|Any CPU
		{7627E4F4-44FE-465D-B89D-A4BB669B12D7}.Release-contrib|x64.ActiveCfg = Release|Any CPU
		{7627E4F4-44FE-465D-B89D-A4BB669B12D7}.Release-contrib|x64.Build.0 = Release|Any CPU
		{7627E4F4-44FE-465D-B89D-A4BB669B12D7}.Release-contrib|x86.ActiveCfg = Release|Any CPU
		{7627E4F4-44FE-465D-B89D-A4BB669B12D7}.Release-contrib|x86.Build.0 = Release|Any CPU
	EndGlobalSection
	GlobalSection(SolutionProperties) = preSolution
		HideSolutionNode = FALSE
	EndGlobalSection
	GlobalSection(NestedProjects) = preSolution
		{0354B2B7-DC88-4FC8-9592-D527360B82C1} = {6E4369FD-73A1-4E35-AD6A-AFD8F043E887}
		{D95C06D2-4B89-40E5-A3E3-DF40046ED251} = {9DEF1436-D73F-49EE-AFA5-7F39AEA1E1E2}
		{33F93960-F9A5-4B26-AB20-F5F157F49B3E} = {9DEF1436-D73F-49EE-AFA5-7F39AEA1E1E2}
	EndGlobalSection
	GlobalSection(ExtensibilityGlobals) = postSolution
		SolutionGuid = {D2C1EA47-33AE-4C08-8017-2532CAFA450C}
	EndGlobalSection
EndGlobal
