
Microsoft Visual Studio Solution File, Format Version 11.00
# Visual Studio 2010
Project("{FAE04EC0-301F-11D3-BF4B-00C04F79EFBC}") = "MsgReader", "MsgReader\MsgReader.csproj", "{883D8C6E-2BEC-4C67-80B0-56E54A9FB214}"
EndProject
Project("{FAE04EC0-301F-11D3-BF4B-00C04F79EFBC}") = "MsgViewer", "MsgViewer\MsgViewer.csproj", "{0EAB7816-7958-41D7-8713-E410C5403A6C}"
EndProject
Global
	GlobalSection(SolutionConfigurationPlatforms) = preSolution
		Debug|Any CPU = Debug|Any CPU
		Debug|Mixed Platforms = Debug|Mixed Platforms
		Debug|x86 = Debug|x86
		Release|Any CPU = Release|Any CPU
		Release|Mixed Platforms = Release|Mixed Platforms
		Release|x86 = Release|x86
	EndGlobalSection
	GlobalSection(ProjectConfigurationPlatforms) = postSolution
		{883D8C6E-2BEC-4C67-80B0-56E54A9FB214}.Debug|Any CPU.ActiveCfg = Debug|Any CPU
		{883D8C6E-2BEC-4C67-80B0-56E54A9FB214}.Debug|Any CPU.Build.0 = Debug|Any CPU
		{883D8C6E-2BEC-4C67-80B0-56E54A9FB214}.Debug|Mixed Platforms.ActiveCfg = Debug|Any CPU
		{883D8C6E-2BEC-4C67-80B0-56E54A9FB214}.Debug|Mixed Platforms.Build.0 = Debug|Any CPU
		{883D8C6E-2BEC-4C67-80B0-56E54A9FB214}.Debug|x86.ActiveCfg = Debug|Any CPU
		{883D8C6E-2BEC-4C67-80B0-56E54A9FB214}.Release|Any CPU.ActiveCfg = Release|Any CPU
		{883D8C6E-2BEC-4C67-80B0-56E54A9FB214}.Release|Any CPU.Build.0 = Release|Any CPU
		{883D8C6E-2BEC-4C67-80B0-56E54A9FB214}.Release|Mixed Platforms.ActiveCfg = Release|Any CPU
		{883D8C6E-2BEC-4C67-80B0-56E54A9FB214}.Release|Mixed Platforms.Build.0 = Release|Any CPU
		{883D8C6E-2BEC-4C67-80B0-56E54A9FB214}.Release|x86.ActiveCfg = Release|Any CPU
		{0EAB7816-7958-41D7-8713-E410C5403A6C}.Debug|Any CPU.ActiveCfg = Debug|x86
		{0EAB7816-7958-41D7-8713-E410C5403A6C}.Debug|Mixed Platforms.ActiveCfg = Debug|x86
		{0EAB7816-7958-41D7-8713-E410C5403A6C}.Debug|Mixed Platforms.Build.0 = Debug|x86
		{0EAB7816-7958-41D7-8713-E410C5403A6C}.Debug|x86.ActiveCfg = Debug|x86
		{0EAB7816-7958-41D7-8713-E410C5403A6C}.Debug|x86.Build.0 = Debug|x86
		{0EAB7816-7958-41D7-8713-E410C5403A6C}.Release|Any CPU.ActiveCfg = Release|x86
		{0EAB7816-7958-41D7-8713-E410C5403A6C}.Release|Mixed Platforms.ActiveCfg = Release|x86
		{0EAB7816-7958-41D7-8713-E410C5403A6C}.Release|Mixed Platforms.Build.0 = Release|x86
		{0EAB7816-7958-41D7-8713-E410C5403A6C}.Release|x86.ActiveCfg = Release|x86
		{0EAB7816-7958-41D7-8713-E410C5403A6C}.Release|x86.Build.0 = Release|x86
	EndGlobalSection
	GlobalSection(SolutionProperties) = preSolution
		HideSolutionNode = FALSE
	EndGlobalSection
EndGlobal
